// !$*UTF8*$!
{
	archiveVersion = 1;
	classes = {
	};
	objectVersion = 46;
	objects = {

/* Begin PBXBuildFile section */
		ACE3B6851F35D5BA00684BE6 /* AppDelegate.swift in Sources */ = {isa = PBXBuildFile; fileRef = ACE3B6841F35D5BA00684BE6 /* AppDelegate.swift */; };
		ACE3B6871F35D5BA00684BE6 /* ViewController.swift in Sources */ = {isa = PBXBuildFile; fileRef = ACE3B6861F35D5BA00684BE6 /* ViewController.swift */; };
		ACE3B68A1F35D5BA00684BE6 /* Main.storyboard in Resources */ = {isa = PBXBuildFile; fileRef = ACE3B6881F35D5BA00684BE6 /* Main.storyboard */; };
		ACE3B68C1F35D5BA00684BE6 /* Assets.xcassets in Resources */ = {isa = PBXBuildFile; fileRef = ACE3B68B1F35D5BA00684BE6 /* Assets.xcassets */; };
		ACE3B68F1F35D5BA00684BE6 /* LaunchScreen.storyboard in Resources */ = {isa = PBXBuildFile; fileRef = ACE3B68D1F35D5BA00684BE6 /* LaunchScreen.storyboard */; };
		ACE3B69A1F35D62E00684BE6 /* SDDownloadManager.swift in Sources */ = {isa = PBXBuildFile; fileRef = ACE3B6971F35D62E00684BE6 /* SDDownloadManager.swift */; };
		ACE3B69B1F35D62E00684BE6 /* SDDownloadObject.swift in Sources */ = {isa = PBXBuildFile; fileRef = ACE3B6981F35D62E00684BE6 /* SDDownloadObject.swift */; };
		ACE3B69C1F35D62E00684BE6 /* SDFileUtils.swift in Sources */ = {isa = PBXBuildFile; fileRef = ACE3B6991F35D62E00684BE6 /* SDFileUtils.swift */; };
		ACE3B6A01F36017E00684BE6 /* sddwn.png in Resources */ = {isa = PBXBuildFile; fileRef = ACE3B69F1F36017E00684BE6 /* sddwn.png */; };
/* End PBXBuildFile section */

/* Begin PBXFileReference section */
		ACE3B6811F35D5BA00684BE6 /* SDDownloadManager.app */ = {isa = PBXFileReference; explicitFileType = wrapper.application; includeInIndex = 0; path = SDDownloadManager.app; sourceTree = BUILT_PRODUCTS_DIR; };
		ACE3B6841F35D5BA00684BE6 /* AppDelegate.swift */ = {isa = PBXFileReference; lastKnownFileType = sourcecode.swift; path = AppDelegate.swift; sourceTree = "<group>"; };
		ACE3B6861F35D5BA00684BE6 /* ViewController.swift */ = {isa = PBXFileReference; lastKnownFileType = sourcecode.swift; path = ViewController.swift; sourceTree = "<group>"; };
		ACE3B6891F35D5BA00684BE6 /* Base */ = {isa = PBXFileReference; lastKnownFileType = file.storyboard; name = Base; path = Base.lproj/Main.storyboard; sourceTree = "<group>"; };
		ACE3B68B1F35D5BA00684BE6 /* Assets.xcassets */ = {isa = PBXFileReference; lastKnownFileType = folder.assetcatalog; path = Assets.xcassets; sourceTree = "<group>"; };
		ACE3B68E1F35D5BA00684BE6 /* Base */ = {isa = PBXFileReference; lastKnownFileType = file.storyboard; name = Base; path = Base.lproj/LaunchScreen.storyboard; sourceTree = "<group>"; };
		ACE3B6901F35D5BA00684BE6 /* Info.plist */ = {isa = PBXFileReference; lastKnownFileType = text.plist.xml; path = Info.plist; sourceTree = "<group>"; };
		ACE3B6971F35D62E00684BE6 /* SDDownloadManager.swift */ = {isa = PBXFileReference; fileEncoding = 4; lastKnownFileType = sourcecode.swift; path = SDDownloadManager.swift; sourceTree = "<group>"; };
		ACE3B6981F35D62E00684BE6 /* SDDownloadObject.swift */ = {isa = PBXFileReference; fileEncoding = 4; lastKnownFileType = sourcecode.swift; path = SDDownloadObject.swift; sourceTree = "<group>"; };
		ACE3B6991F35D62E00684BE6 /* SDFileUtils.swift */ = {isa = PBXFileReference; fileEncoding = 4; lastKnownFileType = sourcecode.swift; path = SDFileUtils.swift; sourceTree = "<group>"; };
		ACE3B69F1F36017E00684BE6 /* sddwn.png */ = {isa = PBXFileReference; lastKnownFileType = image.png; path = sddwn.png; sourceTree = "<group>"; };
/* End PBXFileReference section */

/* Begin PBXFrameworksBuildPhase section */
		ACE3B67E1F35D5BA00684BE6 /* Frameworks */ = {
			isa = PBXFrameworksBuildPhase;
			buildActionMask = 2147483647;
			files = (
			);
			runOnlyForDeploymentPostprocessing = 0;
		};
/* End PBXFrameworksBuildPhase section */

/* Begin PBXGroup section */
		ACE3B6781F35D5BA00684BE6 = {
			isa = PBXGroup;
			children = (
				ACE3B6831F35D5BA00684BE6 /* SDDownloadManager */,
				ACE3B6821F35D5BA00684BE6 /* Products */,
			);
			sourceTree = "<group>";
		};
		ACE3B6821F35D5BA00684BE6 /* Products */ = {
			isa = PBXGroup;
			children = (
				ACE3B6811F35D5BA00684BE6 /* SDDownloadManager.app */,
			);
			name = Products;
			sourceTree = "<group>";
		};
		ACE3B6831F35D5BA00684BE6 /* SDDownloadManager */ = {
			isa = PBXGroup;
			children = (
				ACE3B6961F35D5E500684BE6 /* Classes */,
				ACE3B6841F35D5BA00684BE6 /* AppDelegate.swift */,
				ACE3B6861F35D5BA00684BE6 /* ViewController.swift */,
				ACE3B69F1F36017E00684BE6 /* sddwn.png */,
				ACE3B6881F35D5BA00684BE6 /* Main.storyboard */,
				ACE3B68B1F35D5BA00684BE6 /* Assets.xcassets */,
				ACE3B68D1F35D5BA00684BE6 /* LaunchScreen.storyboard */,
				ACE3B6901F35D5BA00684BE6 /* Info.plist */,
			);
			path = SDDownloadManager;
			sourceTree = "<group>";
		};
		ACE3B6961F35D5E500684BE6 /* Classes */ = {
			isa = PBXGroup;
			children = (
				ACE3B6971F35D62E00684BE6 /* SDDownloadManager.swift */,
				ACE3B6981F35D62E00684BE6 /* SDDownloadObject.swift */,
				ACE3B6991F35D62E00684BE6 /* SDFileUtils.swift */,
			);
			path = Classes;
			sourceTree = "<group>";
		};
/* End PBXGroup section */

/* Begin PBXNativeTarget section */
		ACE3B6801F35D5BA00684BE6 /* SDDownloadManager */ = {
			isa = PBXNativeTarget;
			buildConfigurationList = ACE3B6931F35D5BA00684BE6 /* Build configuration list for PBXNativeTarget "SDDownloadManager" */;
			buildPhases = (
				ACE3B67D1F35D5BA00684BE6 /* Sources */,
				ACE3B67E1F35D5BA00684BE6 /* Frameworks */,
				ACE3B67F1F35D5BA00684BE6 /* Resources */,
			);
			buildRules = (
			);
			dependencies = (
			);
			name = SDDownloadManager;
			productName = SDDownloadManager;
			productReference = ACE3B6811F35D5BA00684BE6 /* SDDownloadManager.app */;
			productType = "com.apple.product-type.application";
		};
/* End PBXNativeTarget section */

/* Begin PBXProject section */
		ACE3B6791F35D5BA00684BE6 /* Project object */ = {
			isa = PBXProject;
			attributes = {
				LastSwiftUpdateCheck = 0830;
				LastUpgradeCheck = 0830;
				ORGANIZATIONNAME = "Sagar Dagdu";
				TargetAttributes = {
					ACE3B6801F35D5BA00684BE6 = {
						CreatedOnToolsVersion = 8.3.3;
						LastSwiftMigration = 1010;
						ProvisioningStyle = Automatic;
						SystemCapabilities = {
							com.apple.BackgroundModes = {
								enabled = 0;
							};
						};
					};
				};
			};
			buildConfigurationList = ACE3B67C1F35D5BA00684BE6 /* Build configuration list for PBXProject "SDDownloadManager" */;
			compatibilityVersion = "Xcode 3.2";
			developmentRegion = English;
			hasScannedForEncodings = 0;
			knownRegions = (
				en,
				Base,
			);
			mainGroup = ACE3B6781F35D5BA00684BE6;
			productRefGroup = ACE3B6821F35D5BA00684BE6 /* Products */;
			projectDirPath = "";
			projectRoot = "";
			targets = (
				ACE3B6801F35D5BA00684BE6 /* SDDownloadManager */,
			);
		};
/* End PBXProject section */

/* Begin PBXResourcesBuildPhase section */
		ACE3B67F1F35D5BA00684BE6 /* Resources */ = {
			isa = PBXResourcesBuildPhase;
			buildActionMask = 2147483647;
			files = (
				ACE3B6A01F36017E00684BE6 /* sddwn.png in Resources */,
				ACE3B68F1F35D5BA00684BE6 /* LaunchScreen.storyboard in Resources */,
				ACE3B68C1F35D5BA00684BE6 /* Assets.xcassets in Resources */,
				ACE3B68A1F35D5BA00684BE6 /* Main.storyboard in Resources */,
			);
			runOnlyForDeploymentPostprocessing = 0;
		};
/* End PBXResourcesBuildPhase section */

/* Begin PBXSourcesBuildPhase section */
		ACE3B67D1F35D5BA00684BE6 /* Sources */ = {
			isa = PBXSourcesBuildPhase;
			buildActionMask = 2147483647;
			files = (
				ACE3B69C1F35D62E00684BE6 /* SDFileUtils.swift in Sources */,
				ACE3B6871F35D5BA00684BE6 /* ViewController.swift in Sources */,
				ACE3B6851F35D5BA00684BE6 /* AppDelegate.swift in Sources */,
				ACE3B69A1F35D62E00684BE6 /* SDDownloadManager.swift in Sources */,
				ACE3B69B1F35D62E00684BE6 /* SDDownloadObject.swift in Sources */,
			);
			runOnlyForDeploymentPostprocessing = 0;
		};
/* End PBXSourcesBuildPhase section */

/* Begin PBXVariantGroup section */
		ACE3B6881F35D5BA00684BE6 /* Main.storyboard */ = {
			isa = PBXVariantGroup;
			children = (
				ACE3B6891F35D5BA00684BE6 /* Base */,
			);
			name = Main.storyboard;
			sourceTree = "<group>";
		};
		ACE3B68D1F35D5BA00684BE6 /* LaunchScreen.storyboard */ = {
			isa = PBXVariantGroup;
			children = (
				ACE3B68E1F35D5BA00684BE6 /* Base */,
			);
			name = LaunchScreen.storyboard;
			sourceTree = "<group>";
		};
/* End PBXVariantGroup section */

/* Begin XCBuildConfiguration section */
		ACE3B6911F35D5BA00684BE6 /* Debug */ = {
			isa = XCBuildConfiguration;
			buildSettings = {
				ALWAYS_SEARCH_USER_PATHS = NO;
				CLANG_ANALYZER_NONNULL = YES;
				CLANG_ANALYZER_NUMBER_OBJECT_CONVERSION = YES_AGGRESSIVE;
				CLANG_CXX_LANGUAGE_STANDARD = "gnu++0x";
				CLANG_CXX_LIBRARY = "libc++";
				CLANG_ENABLE_MODULES = YES;
				CLANG_ENABLE_OBJC_ARC = YES;
				CLANG_WARN_BOOL_CONVERSION = YES;
				CLANG_WARN_CONSTANT_CONVERSION = YES;
				CLANG_WARN_DIRECT_OBJC_ISA_USAGE = YES_ERROR;
				CLANG_WARN_DOCUMENTATION_COMMENTS = YES;
				CLANG_WARN_EMPTY_BODY = YES;
				CLANG_WARN_ENUM_CONVERSION = YES;
				CLANG_WARN_INFINITE_RECURSION = YES;
				CLANG_WARN_INT_CONVERSION = YES;
				CLANG_WARN_OBJC_ROOT_CLASS = YES_ERROR;
				CLANG_WARN_SUSPICIOUS_MOVE = YES;
				CLANG_WARN_UNREACHABLE_CODE = YES;
				CLANG_WARN__DUPLICATE_METHOD_MATCH = YES;
				"CODE_SIGN_IDENTITY[sdk=iphoneos*]" = "iPhone Developer";
				COPY_PHASE_STRIP = NO;
				DEBUG_INFORMATION_FORMAT = dwarf;
				ENABLE_STRICT_OBJC_MSGSEND = YES;
				ENABLE_TESTABILITY = YES;
				GCC_C_LANGUAGE_STANDARD = gnu99;
				GCC_DYNAMIC_NO_PIC = NO;
				GCC_NO_COMMON_BLOCKS = YES;
				GCC_OPTIMIZATION_LEVEL = 0;
				GCC_PREPROCESSOR_DEFINITIONS = (
					"DEBUG=1",
					"$(inherited)",
				);
				GCC_WARN_64_TO_32_BIT_CONVERSION = YES;
				GCC_WARN_ABOUT_RETURN_TYPE = YES_ERROR;
				GCC_WARN_UNDECLARED_SELECTOR = YES;
				GCC_WARN_UNINITIALIZED_AUTOS = YES_AGGRESSIVE;
				GCC_WARN_UNUSED_FUNCTION = YES;
				GCC_WARN_UNUSED_VARIABLE = YES;
				IPHONEOS_DEPLOYMENT_TARGET = 10.3;
				MTL_ENABLE_DEBUG_INFO = YES;
				ONLY_ACTIVE_ARCH = YES;
				SDKROOT = iphoneos;
				SWIFT_ACTIVE_COMPILATION_CONDITIONS = DEBUG;
				SWIFT_OPTIMIZATION_LEVEL = "-Onone";
			};
			name = Debug;
		};
		ACE3B6921F35D5BA00684BE6 /* Release */ = {
			isa = XCBuildConfiguration;
			buildSettings = {
				ALWAYS_SEARCH_USER_PATHS = NO;
				CLANG_ANALYZER_NONNULL = YES;
				CLANG_ANALYZER_NUMBER_OBJECT_CONVERSION = YES_AGGRESSIVE;
				CLANG_CXX_LANGUAGE_STANDARD = "gnu++0x";
				CLANG_CXX_LIBRARY = "libc++";
				CLANG_ENABLE_MODULES = YES;
				CLANG_ENABLE_OBJC_ARC = YES;
				CLANG_WARN_BOOL_CONVERSION = YES;
				CLANG_WARN_CONSTANT_CONVERSION = YES;
				CLANG_WARN_DIRECT_OBJC_ISA_USAGE = YES_ERROR;
				CLANG_WARN_DOCUMENTATION_COMMENTS = YES;
				CLANG_WARN_EMPTY_BODY = YES;
				CLANG_WARN_ENUM_CONVERSION = YES;
				CLANG_WARN_INFINITE_RECURSION = YES;
				CLANG_WARN_INT_CONVERSION = YES;
				CLANG_WARN_OBJC_ROOT_CLASS = YES_ERROR;
				CLANG_WARN_SUSPICIOUS_MOVE = YES;
				CLANG_WARN_UNREACHABLE_CODE = YES;
				CLANG_WARN__DUPLICATE_METHOD_MATCH = YES;
				"CODE_SIGN_IDENTITY[sdk=iphoneos*]" = "iPhone Developer";
				COPY_PHASE_STRIP = NO;
				DEBUG_INFORMATION_FORMAT = "dwarf-with-dsym";
				ENABLE_NS_ASSERTIONS = NO;
				ENABLE_STRICT_OBJC_MSGSEND = YES;
				GCC_C_LANGUAGE_STANDARD = gnu99;
				GCC_NO_COMMON_BLOCKS = YES;
				GCC_WARN_64_TO_32_BIT_CONVERSION = YES;
				GCC_WARN_ABOUT_RETURN_TYPE = YES_ERROR;
				GCC_WARN_UNDECLARED_SELECTOR = YES;
				GCC_WARN_UNINITIALIZED_AUTOS = YES_AGGRESSIVE;
				GCC_WARN_UNUSED_FUNCTION = YES;
				GCC_WARN_UNUSED_VARIABLE = YES;
				IPHONEOS_DEPLOYMENT_TARGET = 10.3;
				MTL_ENABLE_DEBUG_INFO = NO;
				SDKROOT = iphoneos;
				SWIFT_OPTIMIZATION_LEVEL = "-Owholemodule";
				VALIDATE_PRODUCT = YES;
			};
			name = Release;
		};
		ACE3B6941F35D5BA00684BE6 /* Debug */ = {
			isa = XCBuildConfiguration;
			buildSettings = {
				ASSETCATALOG_COMPILER_APPICON_NAME = AppIcon;
				INFOPLIST_FILE = SDDownloadManager/Info.plist;
				IPHONEOS_DEPLOYMENT_TARGET = 11.2;
				LD_RUNPATH_SEARCH_PATHS = "$(inherited) @executable_path/Frameworks";
				PRODUCT_BUNDLE_IDENTIFIER = com.sagar.thinkinfinite.SDDownloadManager;
				PRODUCT_NAME = "$(TARGET_NAME)";
				SWIFT_VERSION = 4.2;
			};
			name = Debug;
		};
		ACE3B6951F35D5BA00684BE6 /* Release */ = {
			isa = XCBuildConfiguration;
			buildSettings = {
				ASSETCATALOG_COMPILER_APPICON_NAME = AppIcon;
				INFOPLIST_FILE = SDDownloadManager/Info.plist;
				IPHONEOS_DEPLOYMENT_TARGET = 11.2;
				LD_RUNPATH_SEARCH_PATHS = "$(inherited) @executable_path/Frameworks";
				PRODUCT_BUNDLE_IDENTIFIER = com.sagar.thinkinfinite.SDDownloadManager;
				PRODUCT_NAME = "$(TARGET_NAME)";
				SWIFT_VERSION = 4.2;
			};
			name = Release;
		};
/* End XCBuildConfiguration section */

/* Begin XCConfigurationList section */
		ACE3B67C1F35D5BA00684BE6 /* Build configuration list for PBXProject "SDDownloadManager" */ = {
			isa = XCConfigurationList;
			buildConfigurations = (
				ACE3B6911F35D5BA00684BE6 /* Debug */,
				ACE3B6921F35D5BA00684BE6 /* Release */,
			);
			defaultConfigurationIsVisible = 0;
			defaultConfigurationName = Release;
		};
		ACE3B6931F35D5BA00684BE6 /* Build configuration list for PBXNativeTarget "SDDownloadManager" */ = {
			isa = XCConfigurationList;
			buildConfigurations = (
				ACE3B6941F35D5BA00684BE6 /* Debug */,
				ACE3B6951F35D5BA00684BE6 /* Release */,
			);
			defaultConfigurationIsVisible = 0;
			defaultConfigurationName = Release;
		};
/* End XCConfigurationList section */
	};
	rootObject = ACE3B6791F35D5BA00684BE6 /* Project object */;
}
